
Microsoft Visual Studio Solution File, Format Version 12.00
# Visual Studio 15
VisualStudioVersion = 15.0.26730.16
MinimumVisualStudioVersion = 10.0.40219.1
Project("{FAE04EC0-301F-11D3-BF4B-00C04F79EFBC}") = "SecurityWebApp", "SecurityWebApp\SecurityWebApp.csproj", "{DB2348A1-3ABD-447C-AAD3-CA485B3A2F5A}"
EndProject
Global
	GlobalSection(SolutionConfigurationPlatforms) = preSolution
		Debug|Any CPU = Debug|Any CPU
		Release|Any CPU = Release|Any CPU
	EndGlobalSection
	GlobalSection(ProjectConfigurationPlatforms) = postSolution
		{DB2348A1-3ABD-447C-AAD3-CA485B3A2F5A}.Debug|Any CPU.ActiveCfg = Debug|Any CPU
		{DB2348A1-3ABD-447C-AAD3-CA485B3A2F5A}.Debug|Any CPU.Build.0 = Debug|Any CPU
		{DB2348A1-3ABD-447C-AAD3-CA485B3A2F5A}.Release|Any CPU.ActiveCfg = Release|Any CPU
		{DB2348A1-3ABD-447C-AAD3-CA485B3A2F5A}.Release|Any CPU.Build.0 = Release|Any CPU
	EndGlobalSection
	GlobalSection(SolutionProperties) = preSolution
		HideSolutionNode = FALSE
	EndGlobalSection
	GlobalSection(ExtensibilityGlobals) = postSolution
		SolutionGuid = {805D9381-0027-4288-8E7D-F518EBAA0088}
	EndGlobalSection
EndGlobal
